
Microsoft Visual Studio Solution File, Format Version 12.00
# Visual Studio Version 16
VisualStudioVersion = 16.0.31729.503
MinimumVisualStudioVersion = 10.0.40219.1
Project("{FAE04EC0-301F-11D3-BF4B-00C04F79EFBC}") = "HealthApp.WebMVC", "HealthApp.WebMVC\HealthApp.WebMVC.csproj", "{7CBDB827-492B-4033-89B9-B880B4A8B93C}"
EndProject
Project("{FAE04EC0-301F-11D3-BF4B-00C04F79EFBC}") = "HealthApp.Contracts", "HealthApp.Contracts\HealthApp.Contracts.csproj", "{7B6E5E93-6AAB-481D-AD01-7CAC5E6EB89E}"
EndProject
Project("{FAE04EC0-301F-11D3-BF4B-00C04F79EFBC}") = "HealthApp.Data", "HealthApp.Data\HealthApp.Data.csproj", "{0BDC1E4C-80BA-410D-ABFA-0F51AFE566E0}"
EndProject
Project("{FAE04EC0-301F-11D3-BF4B-00C04F79EFBC}") = "HealthApp.Models", "HealthApp.Models\HealthApp.Models.csproj", "{654A6B07-E72F-4398-BB0F-B8E08E0B550A}"
EndProject
Project("{FAE04EC0-301F-11D3-BF4B-00C04F79EFBC}") = "HealthApp.Services", "HealthApp.Services\HealthApp.Services.csproj", "{6F45BDB1-E689-4AA2-AE26-20680C91165F}"
EndProject
Project("{FAE04EC0-301F-11D3-BF4B-00C04F79EFBC}") = "HealthApp.Tests", "UnitTestProject1\HealthApp.Tests.csproj", "{3522FC34-CA32-4E3F-BF52-DEA27801F7EA}"
EndProject
Global
	GlobalSection(SolutionConfigurationPlatforms) = preSolution
		Debug|Any CPU = Debug|Any CPU
		Release|Any CPU = Release|Any CPU
	EndGlobalSection
	GlobalSection(ProjectConfigurationPlatforms) = postSolution
		{7CBDB827-492B-4033-89B9-B880B4A8B93C}.Debug|Any CPU.ActiveCfg = Debug|Any CPU
		{7CBDB827-492B-4033-89B9-B880B4A8B93C}.Debug|Any CPU.Build.0 = Debug|Any CPU
		{7CBDB827-492B-4033-89B9-B880B4A8B93C}.Release|Any CPU.ActiveCfg = Release|Any CPU
		{7CBDB827-492B-4033-89B9-B880B4A8B93C}.Release|Any CPU.Build.0 = Release|Any CPU
		{7B6E5E93-6AAB-481D-AD01-7CAC5E6EB89E}.Debug|Any CPU.ActiveCfg = Debug|Any CPU
		{7B6E5E93-6AAB-481D-AD01-7CAC5E6EB89E}.Debug|Any CPU.Build.0 = Debug|Any CPU
		{7B6E5E93-6AAB-481D-AD01-7CAC5E6EB89E}.Release|Any CPU.ActiveCfg = Release|Any CPU
		{7B6E5E93-6AAB-481D-AD01-7CAC5E6EB89E}.Release|Any CPU.Build.0 = Release|Any CPU
		{0BDC1E4C-80BA-410D-ABFA-0F51AFE566E0}.Debug|Any CPU.ActiveCfg = Debug|Any CPU
		{0BDC1E4C-80BA-410D-ABFA-0F51AFE566E0}.Debug|Any CPU.Build.0 = Debug|Any CPU
		{0BDC1E4C-80BA-410D-ABFA-0F51AFE566E0}.Release|Any CPU.ActiveCfg = Release|Any CPU
		{0BDC1E4C-80BA-410D-ABFA-0F51AFE566E0}.Release|Any CPU.Build.0 = Release|Any CPU
		{654A6B07-E72F-4398-BB0F-B8E08E0B550A}.Debug|Any CPU.ActiveCfg = Debug|Any CPU
		{654A6B07-E72F-4398-BB0F-B8E08E0B550A}.Debug|Any CPU.Build.0 = Debug|Any CPU
		{654A6B07-E72F-4398-BB0F-B8E08E0B550A}.Release|Any CPU.ActiveCfg = Release|Any CPU
		{654A6B07-E72F-4398-BB0F-B8E08E0B550A}.Release|Any CPU.Build.0 = Release|Any CPU
		{6F45BDB1-E689-4AA2-AE26-20680C91165F}.Debug|Any CPU.ActiveCfg = Debug|Any CPU
		{6F45BDB1-E689-4AA2-AE26-20680C91165F}.Debug|Any CPU.Build.0 = Debug|Any CPU
		{6F45BDB1-E689-4AA2-AE26-20680C91165F}.Release|Any CPU.ActiveCfg = Release|Any CPU
		{6F45BDB1-E689-4AA2-AE26-20680C91165F}.Release|Any CPU.Build.0 = Release|Any CPU
		{3522FC34-CA32-4E3F-BF52-DEA27801F7EA}.Debug|Any CPU.ActiveCfg = Debug|Any CPU
		{3522FC34-CA32-4E3F-BF52-DEA27801F7EA}.Debug|Any CPU.Build.0 = Debug|Any CPU
		{3522FC34-CA32-4E3F-BF52-DEA27801F7EA}.Release|Any CPU.ActiveCfg = Release|Any CPU
		{3522FC34-CA32-4E3F-BF52-DEA27801F7EA}.Release|Any CPU.Build.0 = Release|Any CPU
	EndGlobalSection
	GlobalSection(SolutionProperties) = preSolution
		HideSolutionNode = FALSE
	EndGlobalSection
	GlobalSection(ExtensibilityGlobals) = postSolution
		SolutionGuid = {BAC6050C-70A3-477B-B344-F64A78013A8B}
	EndGlobalSection
EndGlobal
